
Microsoft Visual Studio Solution File, Format Version 12.00
# Visual Studio Version 17
VisualStudioVersion = 17.11.35327.3
MinimumVisualStudioVersion = 10.0.40219.1
Project("{FAE04EC0-301F-11D3-BF4B-00C04F79EFBC}") = "Exce.002", "Exce.002\Exce.002.csproj", "{7572CCF8-FDD6-4F12-93A6-DEF95DB9626F}"
EndProject
Global
	GlobalSection(SolutionConfigurationPlatforms) = preSolution
		Debug|Any CPU = Debug|Any CPU
		Release|Any CPU = Release|Any CPU
	EndGlobalSection
	GlobalSection(ProjectConfigurationPlatforms) = postSolution
		{7572CCF8-FDD6-4F12-93A6-DEF95DB9626F}.Debug|Any CPU.ActiveCfg = Debug|Any CPU
		{7572CCF8-FDD6-4F12-93A6-DEF95DB9626F}.Debug|Any CPU.Build.0 = Debug|Any CPU
		{7572CCF8-FDD6-4F12-93A6-DEF95DB9626F}.Release|Any CPU.ActiveCfg = Release|Any CPU
		{7572CCF8-FDD6-4F12-93A6-DEF95DB9626F}.Release|Any CPU.Build.0 = Release|Any CPU
	EndGlobalSection
	GlobalSection(SolutionProperties) = preSolution
		HideSolutionNode = FALSE
	EndGlobalSection
	GlobalSection(ExtensibilityGlobals) = postSolution
		SolutionGuid = {5FD19865-0795-47E1-833C-AF4857699639}
	EndGlobalSection
EndGlobal
